
Microsoft Visual Studio Solution File, Format Version 12.00
Project("{FAE04EC0-301F-11D3-BF4B-00C04F79EFBC}") = "Moondesk.Edge.Simulator", "Moondesk.Edge.Simulator\Moondesk.Edge.Simulator.csproj", "{F3DBC39B-66C6-4397-A9F3-1C22E20340B2}"
EndProject
Project("{FAE04EC0-301F-11D3-BF4B-00C04F79EFBC}") = "Moondesk.Domain", "Moondesk.Domain\Moondesk.Domain.csproj", "{8402975C-53FD-4533-98BB-E8ADC2BBA5E5}"
EndProject
Project("{FAE04EC0-301F-11D3-BF4B-00C04F79EFBC}") = "Moondesk.DataAccess", "Moondesk.DataAccess\Moondesk.DataAccess.csproj", "{C16F0ECF-4815-42DA-8BF3-7C1E38126012}"
EndProject
Project("{FAE04EC0-301F-11D3-BF4B-00C04F79EFBC}") = "Moondesk.API", "Moondesk.API\Moondesk.API.csproj", "{3D3A0455-77D0-4DB4-892F-C128FCA38BD6}"
EndProject
Project("{FAE04EC0-301F-11D3-BF4B-00C04F79EFBC}") = "Moondesk.Host", "Moondesk.Host\Moondesk.Host.csproj", "{5A62E3D8-17C8-438B-BCA3-D0EDFED107C4}"
EndProject
Project("{FAE04EC0-301F-11D3-BF4B-00C04F79EFBC}") = "Moondesk.DataAccess.Tests", "Moondesk.DataAccess.Tests\Moondesk.DataAccess.Tests.csproj", "{D19D4B34-FD16-4ADF-AB95-5187CF4C6089}"
EndProject
Global
	GlobalSection(SolutionConfigurationPlatforms) = preSolution
		Debug|Any CPU = Debug|Any CPU
		Debug|x64 = Debug|x64
		Debug|x86 = Debug|x86
		Release|Any CPU = Release|Any CPU
		Release|x64 = Release|x64
		Release|x86 = Release|x86
	EndGlobalSection
	GlobalSection(ProjectConfigurationPlatforms) = postSolution
		{F3DBC39B-66C6-4397-A9F3-1C22E20340B2}.Debug|Any CPU.ActiveCfg = Debug|Any CPU
		{F3DBC39B-66C6-4397-A9F3-1C22E20340B2}.Debug|Any CPU.Build.0 = Debug|Any CPU
		{F3DBC39B-66C6-4397-A9F3-1C22E20340B2}.Debug|x64.ActiveCfg = Debug|Any CPU
		{F3DBC39B-66C6-4397-A9F3-1C22E20340B2}.Debug|x64.Build.0 = Debug|Any CPU
		{F3DBC39B-66C6-4397-A9F3-1C22E20340B2}.Debug|x86.ActiveCfg = Debug|Any CPU
		{F3DBC39B-66C6-4397-A9F3-1C22E20340B2}.Debug|x86.Build.0 = Debug|Any CPU
		{F3DBC39B-66C6-4397-A9F3-1C22E20340B2}.Release|Any CPU.ActiveCfg = Release|Any CPU
		{F3DBC39B-66C6-4397-A9F3-1C22E20340B2}.Release|Any CPU.Build.0 = Release|Any CPU
		{F3DBC39B-66C6-4397-A9F3-1C22E20340B2}.Release|x64.ActiveCfg = Release|Any CPU
		{F3DBC39B-66C6-4397-A9F3-1C22E20340B2}.Release|x64.Build.0 = Release|Any CPU
		{F3DBC39B-66C6-4397-A9F3-1C22E20340B2}.Release|x86.ActiveCfg = Release|Any CPU
		{F3DBC39B-66C6-4397-A9F3-1C22E20340B2}.Release|x86.Build.0 = Release|Any CPU
		{8402975C-53FD-4533-98BB-E8ADC2BBA5E5}.Debug|Any CPU.ActiveCfg = Debug|Any CPU
		{8402975C-53FD-4533-98BB-E8ADC2BBA5E5}.Debug|Any CPU.Build.0 = Debug|Any CPU
		{8402975C-53FD-4533-98BB-E8ADC2BBA5E5}.Debug|x64.ActiveCfg = Debug|Any CPU
		{8402975C-53FD-4533-98BB-E8ADC2BBA5E5}.Debug|x64.Build.0 = Debug|Any CPU
		{8402975C-53FD-4533-98BB-E8ADC2BBA5E5}.Debug|x86.ActiveCfg = Debug|Any CPU
		{8402975C-53FD-4533-98BB-E8ADC2BBA5E5}.Debug|x86.Build.0 = Debug|Any CPU
		{8402975C-53FD-4533-98BB-E8ADC2BBA5E5}.Release|Any CPU.ActiveCfg = Release|Any CPU
		{8402975C-53FD-4533-98BB-E8ADC2BBA5E5}.Release|Any CPU.Build.0 = Release|Any CPU
		{8402975C-53FD-4533-98BB-E8ADC2BBA5E5}.Release|x64.ActiveCfg = Release|Any CPU
		{8402975C-53FD-4533-98BB-E8ADC2BBA5E5}.Release|x64.Build.0 = Release|Any CPU
		{8402975C-53FD-4533-98BB-E8ADC2BBA5E5}.Release|x86.ActiveCfg = Release|Any CPU
		{8402975C-53FD-4533-98BB-E8ADC2BBA5E5}.Release|x86.Build.0 = Release|Any CPU
		{C16F0ECF-4815-42DA-8BF3-7C1E38126012}.Debug|Any CPU.ActiveCfg = Debug|Any CPU
		{C16F0ECF-4815-42DA-8BF3-7C1E38126012}.Debug|Any CPU.Build.0 = Debug|Any CPU
		{C16F0ECF-4815-42DA-8BF3-7C1E38126012}.Debug|x64.ActiveCfg = Debug|Any CPU
		{C16F0ECF-4815-42DA-8BF3-7C1E38126012}.Debug|x64.Build.0 = Debug|Any CPU
		{C16F0ECF-4815-42DA-8BF3-7C1E38126012}.Debug|x86.ActiveCfg = Debug|Any CPU
		{C16F0ECF-4815-42DA-8BF3-7C1E38126012}.Debug|x86.Build.0 = Debug|Any CPU
		{C16F0ECF-4815-42DA-8BF3-7C1E38126012}.Release|Any CPU.ActiveCfg = Release|Any CPU
		{C16F0ECF-4815-42DA-8BF3-7C1E38126012}.Release|Any CPU.Build.0 = Release|Any CPU
		{C16F0ECF-4815-42DA-8BF3-7C1E38126012}.Release|x64.ActiveCfg = Release|Any CPU
		{C16F0ECF-4815-42DA-8BF3-7C1E38126012}.Release|x64.Build.0 = Release|Any CPU
		{C16F0ECF-4815-42DA-8BF3-7C1E38126012}.Release|x86.ActiveCfg = Release|Any CPU
		{C16F0ECF-4815-42DA-8BF3-7C1E38126012}.Release|x86.Build.0 = Release|Any CPU
		{3D3A0455-77D0-4DB4-892F-C128FCA38BD6}.Debug|Any CPU.ActiveCfg = Debug|Any CPU
		{3D3A0455-77D0-4DB4-892F-C128FCA38BD6}.Debug|Any CPU.Build.0 = Debug|Any CPU
		{3D3A0455-77D0-4DB4-892F-C128FCA38BD6}.Debug|x64.ActiveCfg = Debug|Any CPU
		{3D3A0455-77D0-4DB4-892F-C128FCA38BD6}.Debug|x64.Build.0 = Debug|Any CPU
		{3D3A0455-77D0-4DB4-892F-C128FCA38BD6}.Debug|x86.ActiveCfg = Debug|Any CPU
		{3D3A0455-77D0-4DB4-892F-C128FCA38BD6}.Debug|x86.Build.0 = Debug|Any CPU
		{3D3A0455-77D0-4DB4-892F-C128FCA38BD6}.Release|Any CPU.ActiveCfg = Release|Any CPU
		{3D3A0455-77D0-4DB4-892F-C128FCA38BD6}.Release|Any CPU.Build.0 = Release|Any CPU
		{3D3A0455-77D0-4DB4-892F-C128FCA38BD6}.Release|x64.ActiveCfg = Release|Any CPU
		{3D3A0455-77D0-4DB4-892F-C128FCA38BD6}.Release|x64.Build.0 = Release|Any CPU
		{3D3A0455-77D0-4DB4-892F-C128FCA38BD6}.Release|x86.ActiveCfg = Release|Any CPU
		{3D3A0455-77D0-4DB4-892F-C128FCA38BD6}.Release|x86.Build.0 = Release|Any CPU
		{5A62E3D8-17C8-438B-BCA3-D0EDFED107C4}.Debug|Any CPU.ActiveCfg = Debug|Any CPU
		{5A62E3D8-17C8-438B-BCA3-D0EDFED107C4}.Debug|Any CPU.Build.0 = Debug|Any CPU
		{5A62E3D8-17C8-438B-BCA3-D0EDFED107C4}.Debug|x64.ActiveCfg = Debug|Any CPU
		{5A62E3D8-17C8-438B-BCA3-D0EDFED107C4}.Debug|x64.Build.0 = Debug|Any CPU
		{5A62E3D8-17C8-438B-BCA3-D0EDFED107C4}.Debug|x86.ActiveCfg = Debug|Any CPU
		{5A62E3D8-17C8-438B-BCA3-D0EDFED107C4}.Debug|x86.Build.0 = Debug|Any CPU
		{5A62E3D8-17C8-438B-BCA3-D0EDFED107C4}.Release|Any CPU.ActiveCfg = Release|Any CPU
		{5A62E3D8-17C8-438B-BCA3-D0EDFED107C4}.Release|Any CPU.Build.0 = Release|Any CPU
		{5A62E3D8-17C8-438B-BCA3-D0EDFED107C4}.Release|x64.ActiveCfg = Release|Any CPU
		{5A62E3D8-17C8-438B-BCA3-D0EDFED107C4}.Release|x64.Build.0 = Release|Any CPU
		{5A62E3D8-17C8-438B-BCA3-D0EDFED107C4}.Release|x86.ActiveCfg = Release|Any CPU
		{5A62E3D8-17C8-438B-BCA3-D0EDFED107C4}.Release|x86.Build.0 = Release|Any CPU
		{D19D4B34-FD16-4ADF-AB95-5187CF4C6089}.Debug|Any CPU.ActiveCfg = Debug|Any CPU
		{D19D4B34-FD16-4ADF-AB95-5187CF4C6089}.Debug|Any CPU.Build.0 = Debug|Any CPU
		{D19D4B34-FD16-4ADF-AB95-5187CF4C6089}.Debug|x64.ActiveCfg = Debug|Any CPU
		{D19D4B34-FD16-4ADF-AB95-5187CF4C6089}.Debug|x64.Build.0 = Debug|Any CPU
		{D19D4B34-FD16-4ADF-AB95-5187CF4C6089}.Debug|x86.ActiveCfg = Debug|Any CPU
		{D19D4B34-FD16-4ADF-AB95-5187CF4C6089}.Debug|x86.Build.0 = Debug|Any CPU
		{D19D4B34-FD16-4ADF-AB95-5187CF4C6089}.Release|Any CPU.ActiveCfg = Release|Any CPU
		{D19D4B34-FD16-4ADF-AB95-5187CF4C6089}.Release|Any CPU.Build.0 = Release|Any CPU
		{D19D4B34-FD16-4ADF-AB95-5187CF4C6089}.Release|x64.ActiveCfg = Release|Any CPU
		{D19D4B34-FD16-4ADF-AB95-5187CF4C6089}.Release|x64.Build.0 = Release|Any CPU
		{D19D4B34-FD16-4ADF-AB95-5187CF4C6089}.Release|x86.ActiveCfg = Release|Any CPU
		{D19D4B34-FD16-4ADF-AB95-5187CF4C6089}.Release|x86.Build.0 = Release|Any CPU
	EndGlobalSection
	GlobalSection(SolutionProperties) = preSolution
		HideSolutionNode = FALSE
	EndGlobalSection
EndGlobal
